// !$*UTF8*$!
{
	archiveVersion = 1;
	classes = {
	};
	objectVersion = 46;
	objects = {

/* Begin PBXBuildFile section */
		895BDE1C14C680D00075AC1E /* Overlaps.m in Sources */ = {isa = PBXBuildFile; fileRef = 89BDF69D14C51BF0005C0E50 /* Overlaps.m */; };
		89BDF68F14C51BB3005C0E50 /* Foundation.framework in Frameworks */ = {isa = PBXBuildFile; fileRef = 89BDF68E14C51BB3005C0E50 /* Foundation.framework */; };
		89BDF69614C51BB3005C0E50 /* ps1.1 in CopyFiles */ = {isa = PBXBuildFile; fileRef = 89BDF69514C51BB3005C0E50 /* ps1.1 */; };
		89BDF6A214C51BF0005C0E50 /* PERectangle.m in Sources */ = {isa = PBXBuildFile; fileRef = 89BDF69F14C51BF0005C0E50 /* PERectangle.m */; };
/* End PBXBuildFile section */

/* Begin PBXCopyFilesBuildPhase section */
		89BDF68814C51BB3005C0E50 /* CopyFiles */ = {
			isa = PBXCopyFilesBuildPhase;
			buildActionMask = 2147483647;
			dstPath = /usr/share/man/man1/;
			dstSubfolderSpec = 0;
			files = (
				89BDF69614C51BB3005C0E50 /* ps1.1 in CopyFiles */,
			);
			runOnlyForDeploymentPostprocessing = 1;
		};
/* End PBXCopyFilesBuildPhase section */

/* Begin PBXFileReference section */
		89BDF68A14C51BB3005C0E50 /* ps1 */ = {isa = PBXFileReference; explicitFileType = "compiled.mach-o.executable"; includeInIndex = 0; path = ps1; sourceTree = BUILT_PRODUCTS_DIR; };
		89BDF68E14C51BB3005C0E50 /* Foundation.framework */ = {isa = PBXFileReference; lastKnownFileType = wrapper.framework; name = Foundation.framework; path = System/Library/Frameworks/Foundation.framework; sourceTree = SDKROOT; };
		89BDF69414C51BB3005C0E50 /* ps1-Prefix.pch */ = {isa = PBXFileReference; lastKnownFileType = sourcecode.c.h; path = "ps1-Prefix.pch"; sourceTree = "<group>"; };
		89BDF69514C51BB3005C0E50 /* ps1.1 */ = {isa = PBXFileReference; lastKnownFileType = text.man; path = ps1.1; sourceTree = "<group>"; };
		89BDF69C14C51BF0005C0E50 /* cs3217_logo.png */ = {isa = PBXFileReference; lastKnownFileType = image.png; path = cs3217_logo.png; sourceTree = "<group>"; };
		89BDF69D14C51BF0005C0E50 /* Overlaps.m */ = {isa = PBXFileReference; fileEncoding = 4; lastKnownFileType = sourcecode.c.objc; path = Overlaps.m; sourceTree = "<group>"; };
		89BDF69E14C51BF0005C0E50 /* PERectangle.h */ = {isa = PBXFileReference; fileEncoding = 4; lastKnownFileType = sourcecode.c.h; path = PERectangle.h; sourceTree = "<group>"; };
		89BDF69F14C51BF0005C0E50 /* PERectangle.m */ = {isa = PBXFileReference; fileEncoding = 4; lastKnownFileType = sourcecode.c.objc; path = PERectangle.m; sourceTree = "<group>"; };
		89BDF6A014C51BF0005C0E50 /* PEShape.h */ = {isa = PBXFileReference; fileEncoding = 4; lastKnownFileType = sourcecode.c.h; path = PEShape.h; sourceTree = "<group>"; };
/* End PBXFileReference section */

/* Begin PBXFrameworksBuildPhase section */
		89BDF68714C51BB3005C0E50 /* Frameworks */ = {
			isa = PBXFrameworksBuildPhase;
			buildActionMask = 2147483647;
			files = (
				89BDF68F14C51BB3005C0E50 /* Foundation.framework in Frameworks */,
			);
			runOnlyForDeploymentPostprocessing = 0;
		};
/* End PBXFrameworksBuildPhase section */

/* Begin PBXGroup section */
		89BDF67F14C51BB3005C0E50 = {
			isa = PBXGroup;
			children = (
				89BDF69014C51BB3005C0E50 /* ps1 */,
				89BDF68D14C51BB3005C0E50 /* Frameworks */,
				89BDF68B14C51BB3005C0E50 /* Products */,
			);
			sourceTree = "<group>";
		};
		89BDF68B14C51BB3005C0E50 /* Products */ = {
			isa = PBXGroup;
			children = (
				89BDF68A14C51BB3005C0E50 /* ps1 */,
			);
			name = Products;
			sourceTree = "<group>";
		};
		89BDF68D14C51BB3005C0E50 /* Frameworks */ = {
			isa = PBXGroup;
			children = (
				89BDF68E14C51BB3005C0E50 /* Foundation.framework */,
			);
			name = Frameworks;
			sourceTree = "<group>";
		};
		89BDF69014C51BB3005C0E50 /* ps1 */ = {
			isa = PBXGroup;
			children = (
				89BDF69C14C51BF0005C0E50 /* cs3217_logo.png */,
				89BDF69D14C51BF0005C0E50 /* Overlaps.m */,
				89BDF69E14C51BF0005C0E50 /* PERectangle.h */,
				89BDF69F14C51BF0005C0E50 /* PERectangle.m */,
				89BDF6A014C51BF0005C0E50 /* PEShape.h */,
				89BDF69514C51BB3005C0E50 /* ps1.1 */,
				89BDF69314C51BB3005C0E50 /* Supporting Files */,
			);
			path = ps1;
			sourceTree = "<group>";
		};
		89BDF69314C51BB3005C0E50 /* Supporting Files */ = {
			isa = PBXGroup;
			children = (
				89BDF69414C51BB3005C0E50 /* ps1-Prefix.pch */,
			);
			name = "Supporting Files";
			sourceTree = "<group>";
		};
/* End PBXGroup section */

/* Begin PBXNativeTarget section */
		89BDF68914C51BB3005C0E50 /* ps1 */ = {
			isa = PBXNativeTarget;
			buildConfigurationList = 89BDF69914C51BB3005C0E50 /* Build configuration list for PBXNativeTarget "ps1" */;
			buildPhases = (
				89BDF68614C51BB3005C0E50 /* Sources */,
				89BDF68714C51BB3005C0E50 /* Frameworks */,
				89BDF68814C51BB3005C0E50 /* CopyFiles */,
			);
			buildRules = (
			);
			dependencies = (
			);
			name = ps1;
			productName = ps1;
			productReference = 89BDF68A14C51BB3005C0E50 /* ps1 */;
			productType = "com.apple.product-type.tool";
		};
/* End PBXNativeTarget section */

/* Begin PBXProject section */
		89BDF68114C51BB3005C0E50 /* Project object */ = {
			isa = PBXProject;
			attributes = {
				LastUpgradeCheck = 0420;
			};
			buildConfigurationList = 89BDF68414C51BB3005C0E50 /* Build configuration list for PBXProject "ps1" */;
			compatibilityVersion = "Xcode 3.2";
			developmentRegion = English;
			hasScannedForEncodings = 0;
			knownRegions = (
				en,
			);
			mainGroup = 89BDF67F14C51BB3005C0E50;
			productRefGroup = 89BDF68B14C51BB3005C0E50 /* Products */;
			projectDirPath = "";
			projectRoot = "";
			targets = (
				89BDF68914C51BB3005C0E50 /* ps1 */,
			);
		};
/* End PBXProject section */

/* Begin PBXSourcesBuildPhase section */
		89BDF68614C51BB3005C0E50 /* Sources */ = {
			isa = PBXSourcesBuildPhase;
			buildActionMask = 2147483647;
			files = (
				895BDE1C14C680D00075AC1E /* Overlaps.m in Sources */,
				89BDF6A214C51BF0005C0E50 /* PERectangle.m in Sources */,
			);
			runOnlyForDeploymentPostprocessing = 0;
		};
/* End PBXSourcesBuildPhase section */

/* Begin XCBuildConfiguration section */
		89BDF69714C51BB3005C0E50 /* Debug */ = {
			isa = XCBuildConfiguration;
			buildSettings = {
				ALWAYS_SEARCH_USER_PATHS = NO;
				ARCHS = "$(ARCHS_STANDARD_64_BIT)";
				CLANG_ENABLE_OBJC_ARC = YES;
				COPY_PHASE_STRIP = NO;
				GCC_C_LANGUAGE_STANDARD = gnu99;
				GCC_DYNAMIC_NO_PIC = NO;
				GCC_ENABLE_OBJC_EXCEPTIONS = YES;
				GCC_OPTIMIZATION_LEVEL = 0;
				GCC_PREPROCESSOR_DEFINITIONS = (
					"DEBUG=1",
					"$(inherited)",
				);
				GCC_SYMBOLS_PRIVATE_EXTERN = NO;
				GCC_VERSION = com.apple.compilers.llvm.clang.1_0;
				GCC_WARN_64_TO_32_BIT_CONVERSION = YES;
				GCC_WARN_ABOUT_MISSING_PROTOTYPES = YES;
				GCC_WARN_ABOUT_RETURN_TYPE = YES;
				GCC_WARN_UNUSED_VARIABLE = YES;
				MACOSX_DEPLOYMENT_TARGET = 10.7;
				ONLY_ACTIVE_ARCH = YES;
				SDKROOT = macosx;
			};
			name = Debug;
		};
		89BDF69814C51BB3005C0E50 /* Release */ = {
			isa = XCBuildConfiguration;
			buildSettings = {
				ALWAYS_SEARCH_USER_PATHS = NO;
				ARCHS = "$(ARCHS_STANDARD_64_BIT)";
				CLANG_ENABLE_OBJC_ARC = YES;
				COPY_PHASE_STRIP = YES;
				DEBUG_INFORMATION_FORMAT = "dwarf-with-dsym";
				GCC_C_LANGUAGE_STANDARD = gnu99;
				GCC_ENABLE_OBJC_EXCEPTIONS = YES;
				GCC_VERSION = com.apple.compilers.llvm.clang.1_0;
				GCC_WARN_64_TO_32_BIT_CONVERSION = YES;
				GCC_WARN_ABOUT_MISSING_PROTOTYPES = YES;
				GCC_WARN_ABOUT_RETURN_TYPE = YES;
				GCC_WARN_UNUSED_VARIABLE = YES;
				MACOSX_DEPLOYMENT_TARGET = 10.7;
				SDKROOT = macosx;
			};
			name = Release;
		};
		89BDF69A14C51BB3005C0E50 /* Debug */ = {
			isa = XCBuildConfiguration;
			buildSettings = {
				GCC_PRECOMPILE_PREFIX_HEADER = YES;
				GCC_PREFIX_HEADER = "ps1/ps1-Prefix.pch";
				PRODUCT_NAME = "$(TARGET_NAME)";
			};
			name = Debug;
		};
		89BDF69B14C51BB3005C0E50 /* Release */ = {
			isa = XCBuildConfiguration;
			buildSettings = {
				GCC_PRECOMPILE_PREFIX_HEADER = YES;
				GCC_PREFIX_HEADER = "ps1/ps1-Prefix.pch";
				PRODUCT_NAME = "$(TARGET_NAME)";
			};
			name = Release;
		};
/* End XCBuildConfiguration section */

/* Begin XCConfigurationList section */
		89BDF68414C51BB3005C0E50 /* Build configuration list for PBXProject "ps1" */ = {
			isa = XCConfigurationList;
			buildConfigurations = (
				89BDF69714C51BB3005C0E50 /* Debug */,
				89BDF69814C51BB3005C0E50 /* Release */,
			);
			defaultConfigurationIsVisible = 0;
			defaultConfigurationName = Release;
		};
		89BDF69914C51BB3005C0E50 /* Build configuration list for PBXNativeTarget "ps1" */ = {
			isa = XCConfigurationList;
			buildConfigurations = (
				89BDF69A14C51BB3005C0E50 /* Debug */,
				89BDF69B14C51BB3005C0E50 /* Release */,
			);
			defaultConfigurationIsVisible = 0;
			defaultConfigurationName = Release;
		};
/* End XCConfigurationList section */
	};
	rootObject = 89BDF68114C51BB3005C0E50 /* Project object */;
}
